<Solution>
  <Folder Name="/.build/">
    <File Path=".editorconfig" />
    <File Path=".gitignore" />
    <File Path="build.ps1" />
    <File Path="paket.dependencies" />
    <File Path="paket.lock" />
    <File Path="README.md" />
  </Folder>
  <Project Path="NugetHelper.Tests/NugetHelper.Tests.fsproj" />
  <Project Path="NugetHelper/NugetHelper.fsproj" />
</Solution>